Microsoft Visual Studio Solution File, Format Version 12.00
# Visual Studio 14 
VisualStudioVersion = 14.0.25420.1
MinimumVisualStudioVersion = 10.0.40219.1
Project("{FAE04EC0-301F-11D3-BF4B-00C04F79EFBC}") = "XpertHR.LBA.DataServices", "XpertHR.LBA.DataServices\XpertHR.LBA.DataServices.csproj", "{92CEFA1D-0375-455A-9F28-0203D0725CAA}"
EndProject
Project("{FAE04EC0-301F-11D3-BF4B-00C04F79EFBC}") = "XpertHR.LBA.DataServices.Tests", "XpertHR.LBA.DataServices.Tests\XpertHR.LBA.DataServices.Tests.csproj", "{A4BB5C82-583B-4B26-B4B1-3E43BC99C7FD}"
EndProject
Project("{FAE04EC0-301F-11D3-BF4B-00C04F79EFBC}") = "XpertHR.LBA.BookingServicesApi", "XpertHR.LBA.BookingServicesApi\XpertHR.LBA.BookingServicesApi.csproj", "{D9EE9AB3-EA52-4F95-857E-92B821FC35B6}"
EndProject
Project("{FAE04EC0-301F-11D3-BF4B-00C04F79EFBC}") = "XpertHR.LBA.BookingServicesApi.Tests", "XpertHR.LBA.BookingServicesApi.Tests\XpertHR.LBA.BookingServicesApi.Tests.csproj", "{A89A8985-BF72-49B5-9D75-CD5A88A1CD49}"
EndProject
Project("{FAE04EC0-301F-11D3-BF4B-00C04F79EFBC}") = "XpertHR.LBA.BookingClientApp", "XpertHR.LBA.BookingClientApp\XpertHR.LBA.BookingClientApp.csproj", "{5E864DCC-A1CF-4E0E-A953-6CA0B46A3FE1}"
EndProject
Project("{FAE04EC0-301F-11D3-BF4B-00C04F79EFBC}") = "XpertHR.LBA.ClientServices", "XpertHR.LBA.ClientServices\XpertHR.LBA.ClientServices.csproj", "{52DBB05E-9670-488F-BC3F-EB31B93DE87B}"
EndProject
Project("{FAE04EC0-301F-11D3-BF4B-00C04F79EFBC}") = "XpertHR.LBA.LibaryServiceApi", "XpertHR.LBA.LibaryServiceApi\XpertHR.LBA.LibaryServiceApi.csproj", "{14BE3D1B-59F4-4146-8339-798374C53DEC}"
EndProject
Global
	GlobalSection(SolutionConfigurationPlatforms) = preSolution
		Debug|Any CPU = Debug|Any CPU
		Release|Any CPU = Release|Any CPU
	EndGlobalSection
	GlobalSection(ProjectConfigurationPlatforms) = postSolution
		{92CEFA1D-0375-455A-9F28-0203D0725CAA}.Debug|Any CPU.ActiveCfg = Debug|Any CPU
		{92CEFA1D-0375-455A-9F28-0203D0725CAA}.Debug|Any CPU.Build.0 = Debug|Any CPU
		{92CEFA1D-0375-455A-9F28-0203D0725CAA}.Release|Any CPU.ActiveCfg = Release|Any CPU
		{92CEFA1D-0375-455A-9F28-0203D0725CAA}.Release|Any CPU.Build.0 = Release|Any CPU
		{A4BB5C82-583B-4B26-B4B1-3E43BC99C7FD}.Debug|Any CPU.ActiveCfg = Debug|Any CPU
		{A4BB5C82-583B-4B26-B4B1-3E43BC99C7FD}.Debug|Any CPU.Build.0 = Debug|Any CPU
		{A4BB5C82-583B-4B26-B4B1-3E43BC99C7FD}.Release|Any CPU.ActiveCfg = Release|Any CPU
		{A4BB5C82-583B-4B26-B4B1-3E43BC99C7FD}.Release|Any CPU.Build.0 = Release|Any CPU
		{D9EE9AB3-EA52-4F95-857E-92B821FC35B6}.Debug|Any CPU.ActiveCfg = Debug|Any CPU
		{D9EE9AB3-EA52-4F95-857E-92B821FC35B6}.Debug|Any CPU.Build.0 = Debug|Any CPU
		{D9EE9AB3-EA52-4F95-857E-92B821FC35B6}.Release|Any CPU.ActiveCfg = Release|Any CPU
		{D9EE9AB3-EA52-4F95-857E-92B821FC35B6}.Release|Any CPU.Build.0 = Release|Any CPU
		{A89A8985-BF72-49B5-9D75-CD5A88A1CD49}.Debug|Any CPU.ActiveCfg = Debug|Any CPU
		{A89A8985-BF72-49B5-9D75-CD5A88A1CD49}.Debug|Any CPU.Build.0 = Debug|Any CPU
		{A89A8985-BF72-49B5-9D75-CD5A88A1CD49}.Release|Any CPU.ActiveCfg = Release|Any CPU
		{A89A8985-BF72-49B5-9D75-CD5A88A1CD49}.Release|Any CPU.Build.0 = Release|Any CPU
		{5E864DCC-A1CF-4E0E-A953-6CA0B46A3FE1}.Debug|Any CPU.ActiveCfg = Debug|Any CPU
		{5E864DCC-A1CF-4E0E-A953-6CA0B46A3FE1}.Debug|Any CPU.Build.0 = Debug|Any CPU
		{5E864DCC-A1CF-4E0E-A953-6CA0B46A3FE1}.Release|Any CPU.ActiveCfg = Release|Any CPU
		{5E864DCC-A1CF-4E0E-A953-6CA0B46A3FE1}.Release|Any CPU.Build.0 = Release|Any CPU
		{52DBB05E-9670-488F-BC3F-EB31B93DE87B}.Debug|Any CPU.ActiveCfg = Debug|Any CPU
		{52DBB05E-9670-488F-BC3F-EB31B93DE87B}.Debug|Any CPU.Build.0 = Debug|Any CPU
		{52DBB05E-9670-488F-BC3F-EB31B93DE87B}.Release|Any CPU.ActiveCfg = Release|Any CPU
		{52DBB05E-9670-488F-BC3F-EB31B93DE87B}.Release|Any CPU.Build.0 = Release|Any CPU
		{14BE3D1B-59F4-4146-8339-798374C53DEC}.Debug|Any CPU.ActiveCfg = Debug|Any CPU
		{14BE3D1B-59F4-4146-8339-798374C53DEC}.Debug|Any CPU.Build.0 = Debug|Any CPU
		{14BE3D1B-59F4-4146-8339-798374C53DEC}.Release|Any CPU.ActiveCfg = Release|Any CPU
		{14BE3D1B-59F4-4146-8339-798374C53DEC}.Release|Any CPU.Build.0 = Release|Any CPU
	EndGlobalSection
	GlobalSection(SolutionProperties) = preSolution
		HideSolutionNode = FALSE
	EndGlobalSection
EndGlobal
